// !$*UTF8*$!
{
	archiveVersion = 1;
	classes = {
	};
	objectVersion = 46;
	objects = {

/* Begin PBXBuildFile section */
		7884436F1ED6C414002BFBC1 /* main.m in Sources */ = {isa = PBXBuildFile; fileRef = 7884436E1ED6C414002BFBC1 /* main.m */; };
		788443721ED6C414002BFBC1 /* AppDelegate.m in Sources */ = {isa = PBXBuildFile; fileRef = 788443711ED6C414002BFBC1 /* AppDelegate.m */; };
		788443751ED6C414002BFBC1 /* ViewController.m in Sources */ = {isa = PBXBuildFile; fileRef = 788443741ED6C414002BFBC1 /* ViewController.m */; };
		788443781ED6C414002BFBC1 /* Main.storyboard in Resources */ = {isa = PBXBuildFile; fileRef = 788443761ED6C414002BFBC1 /* Main.storyboard */; };
		7884437A1ED6C414002BFBC1 /* Assets.xcassets in Resources */ = {isa = PBXBuildFile; fileRef = 788443791ED6C414002BFBC1 /* Assets.xcassets */; };
		7884437D1ED6C414002BFBC1 /* LaunchScreen.storyboard in Resources */ = {isa = PBXBuildFile; fileRef = 7884437B1ED6C414002BFBC1 /* LaunchScreen.storyboard */; };
		788443881ED6C414002BFBC1 /* JLPhotoBrowserTests.m in Sources */ = {isa = PBXBuildFile; fileRef = 788443871ED6C414002BFBC1 /* JLPhotoBrowserTests.m */; };
		788443931ED6C414002BFBC1 /* JLPhotoBrowserUITests.m in Sources */ = {isa = PBXBuildFile; fileRef = 788443921ED6C414002BFBC1 /* JLPhotoBrowserUITests.m */; };
		788443A31ED6C530002BFBC1 /* JLPhotoBrowser.m in Sources */ = {isa = PBXBuildFile; fileRef = 788443A21ED6C530002BFBC1 /* JLPhotoBrowser.m */; };
		788443A61ED6C842002BFBC1 /* JLPhoto.m in Sources */ = {isa = PBXBuildFile; fileRef = 788443A51ED6C842002BFBC1 /* JLPhoto.m */; };
		788443A91ED6D092002BFBC1 /* JLPhotoCollectionViewCell.m in Sources */ = {isa = PBXBuildFile; fileRef = 788443A81ED6D092002BFBC1 /* JLPhotoCollectionViewCell.m */; };
		788443EB1ED6DD39002BFBC1 /* timeline_image_loading.png in Resources */ = {isa = PBXBuildFile; fileRef = 788443E91ED6DD39002BFBC1 /* timeline_image_loading.png */; };
		788443EC1ED6DD39002BFBC1 /* timeline_image_loading@2x.png in Resources */ = {isa = PBXBuildFile; fileRef = 788443EA1ED6DD39002BFBC1 /* timeline_image_loading@2x.png */; };
		788444151ED7F29E002BFBC1 /* NSData+ImageContentType.m in Sources */ = {isa = PBXBuildFile; fileRef = 788443F91ED7F29E002BFBC1 /* NSData+ImageContentType.m */; };
		788444161ED7F29E002BFBC1 /* SDImageCache.m in Sources */ = {isa = PBXBuildFile; fileRef = 788443FB1ED7F29E002BFBC1 /* SDImageCache.m */; };
		788444171ED7F29E002BFBC1 /* SDWebImageCompat.m in Sources */ = {isa = PBXBuildFile; fileRef = 788443FD1ED7F29E002BFBC1 /* SDWebImageCompat.m */; };
		788444181ED7F29E002BFBC1 /* SDWebImageDecoder.m in Sources */ = {isa = PBXBuildFile; fileRef = 788443FF1ED7F29E002BFBC1 /* SDWebImageDecoder.m */; };
		788444191ED7F29E002BFBC1 /* SDWebImageDownloader.m in Sources */ = {isa = PBXBuildFile; fileRef = 788444011ED7F29E002BFBC1 /* SDWebImageDownloader.m */; };
		7884441A1ED7F29E002BFBC1 /* SDWebImageDownloaderOperation.m in Sources */ = {isa = PBXBuildFile; fileRef = 788444031ED7F29E002BFBC1 /* SDWebImageDownloaderOperation.m */; };
		7884441B1ED7F29E002BFBC1 /* SDWebImageManager.m in Sources */ = {isa = PBXBuildFile; fileRef = 788444051ED7F29E002BFBC1 /* SDWebImageManager.m */; };
		7884441C1ED7F29E002BFBC1 /* SDWebImagePrefetcher.m in Sources */ = {isa = PBXBuildFile; fileRef = 788444081ED7F29E002BFBC1 /* SDWebImagePrefetcher.m */; };
		7884441D1ED7F29E002BFBC1 /* UIButton+WebCache.m in Sources */ = {isa = PBXBuildFile; fileRef = 7884440A1ED7F29E002BFBC1 /* UIButton+WebCache.m */; };
		7884441E1ED7F29E002BFBC1 /* UIImage+GIF.m in Sources */ = {isa = PBXBuildFile; fileRef = 7884440C1ED7F29E002BFBC1 /* UIImage+GIF.m */; };
		7884441F1ED7F29E002BFBC1 /* UIImage+MultiFormat.m in Sources */ = {isa = PBXBuildFile; fileRef = 7884440E1ED7F29E002BFBC1 /* UIImage+MultiFormat.m */; };
		788444201ED7F29E002BFBC1 /* UIImageView+HighlightedWebCache.m in Sources */ = {isa = PBXBuildFile; fileRef = 788444101ED7F29E002BFBC1 /* UIImageView+HighlightedWebCache.m */; };
		788444211ED7F29E002BFBC1 /* UIImageView+WebCache.m in Sources */ = {isa = PBXBuildFile; fileRef = 788444121ED7F29E002BFBC1 /* UIImageView+WebCache.m */; };
		788444221ED7F29E002BFBC1 /* UIView+WebCacheOperation.m in Sources */ = {isa = PBXBuildFile; fileRef = 788444141ED7F29E002BFBC1 /* UIView+WebCacheOperation.m */; };
/* End PBXBuildFile section */

/* Begin PBXContainerItemProxy section */
		788443841ED6C414002BFBC1 /* PBXContainerItemProxy */ = {
			isa = PBXContainerItemProxy;
			containerPortal = 788443621ED6C414002BFBC1 /* Project object */;
			proxyType = 1;
			remoteGlobalIDString = 788443691ED6C414002BFBC1;
			remoteInfo = JLPhotoBrowser;
		};
		7884438F1ED6C414002BFBC1 /* PBXContainerItemProxy */ = {
			isa = PBXContainerItemProxy;
			containerPortal = 788443621ED6C414002BFBC1 /* Project object */;
			proxyType = 1;
			remoteGlobalIDString = 788443691ED6C414002BFBC1;
			remoteInfo = JLPhotoBrowser;
		};
/* End PBXContainerItemProxy section */

/* Begin PBXFileReference section */
		7884436A1ED6C414002BFBC1 /* JLPhotoBrowser.app */ = {isa = PBXFileReference; explicitFileType = wrapper.application; includeInIndex = 0; path = JLPhotoBrowser.app; sourceTree = BUILT_PRODUCTS_DIR; };
		7884436E1ED6C414002BFBC1 /* main.m */ = {isa = PBXFileReference; lastKnownFileType = sourcecode.c.objc; path = main.m; sourceTree = "<group>"; };
		788443701ED6C414002BFBC1 /* AppDelegate.h */ = {isa = PBXFileReference; lastKnownFileType = sourcecode.c.h; path = AppDelegate.h; sourceTree = "<group>"; };
		788443711ED6C414002BFBC1 /* AppDelegate.m */ = {isa = PBXFileReference; lastKnownFileType = sourcecode.c.objc; path = AppDelegate.m; sourceTree = "<group>"; };
		788443731ED6C414002BFBC1 /* ViewController.h */ = {isa = PBXFileReference; lastKnownFileType = sourcecode.c.h; path = ViewController.h; sourceTree = "<group>"; };
		788443741ED6C414002BFBC1 /* ViewController.m */ = {isa = PBXFileReference; lastKnownFileType = sourcecode.c.objc; path = ViewController.m; sourceTree = "<group>"; };
		788443771ED6C414002BFBC1 /* Base */ = {isa = PBXFileReference; lastKnownFileType = file.storyboard; name = Base; path = Base.lproj/Main.storyboard; sourceTree = "<group>"; };
		788443791ED6C414002BFBC1 /* Assets.xcassets */ = {isa = PBXFileReference; lastKnownFileType = folder.assetcatalog; path = Assets.xcassets; sourceTree = "<group>"; };
		7884437C1ED6C414002BFBC1 /* Base */ = {isa = PBXFileReference; lastKnownFileType = file.storyboard; name = Base; path = Base.lproj/LaunchScreen.storyboard; sourceTree = "<group>"; };
		7884437E1ED6C414002BFBC1 /* Info.plist */ = {isa = PBXFileReference; lastKnownFileType = text.plist.xml; path = Info.plist; sourceTree = "<group>"; };
		788443831ED6C414002BFBC1 /* JLPhotoBrowserTests.xctest */ = {isa = PBXFileReference; explicitFileType = wrapper.cfbundle; includeInIndex = 0; path = JLPhotoBrowserTests.xctest; sourceTree = BUILT_PRODUCTS_DIR; };
		788443871ED6C414002BFBC1 /* JLPhotoBrowserTests.m */ = {isa = PBXFileReference; lastKnownFileType = sourcecode.c.objc; path = JLPhotoBrowserTests.m; sourceTree = "<group>"; };
		788443891ED6C414002BFBC1 /* Info.plist */ = {isa = PBXFileReference; lastKnownFileType = text.plist.xml; path = Info.plist; sourceTree = "<group>"; };
		7884438E1ED6C414002BFBC1 /* JLPhotoBrowserUITests.xctest */ = {isa = PBXFileReference; explicitFileType = wrapper.cfbundle; includeInIndex = 0; path = JLPhotoBrowserUITests.xctest; sourceTree = BUILT_PRODUCTS_DIR; };
		788443921ED6C414002BFBC1 /* JLPhotoBrowserUITests.m */ = {isa = PBXFileReference; lastKnownFileType = sourcecode.c.objc; path = JLPhotoBrowserUITests.m; sourceTree = "<group>"; };
		788443941ED6C414002BFBC1 /* Info.plist */ = {isa = PBXFileReference; lastKnownFileType = text.plist.xml; path = Info.plist; sourceTree = "<group>"; };
		788443A11ED6C530002BFBC1 /* JLPhotoBrowser.h */ = {isa = PBXFileReference; fileEncoding = 4; lastKnownFileType = sourcecode.c.h; path = JLPhotoBrowser.h; sourceTree = "<group>"; };
		788443A21ED6C530002BFBC1 /* JLPhotoBrowser.m */ = {isa = PBXFileReference; fileEncoding = 4; lastKnownFileType = sourcecode.c.objc; path = JLPhotoBrowser.m; sourceTree = "<group>"; };
		788443A41ED6C842002BFBC1 /* JLPhoto.h */ = {isa = PBXFileReference; fileEncoding = 4; lastKnownFileType = sourcecode.c.h; path = JLPhoto.h; sourceTree = "<group>"; };
		788443A51ED6C842002BFBC1 /* JLPhoto.m */ = {isa = PBXFileReference; fileEncoding = 4; lastKnownFileType = sourcecode.c.objc; path = JLPhoto.m; sourceTree = "<group>"; };
		788443A71ED6D092002BFBC1 /* JLPhotoCollectionViewCell.h */ = {isa = PBXFileReference; fileEncoding = 4; lastKnownFileType = sourcecode.c.h; path = JLPhotoCollectionViewCell.h; sourceTree = "<group>"; };
		788443A81ED6D092002BFBC1 /* JLPhotoCollectionViewCell.m */ = {isa = PBXFileReference; fileEncoding = 4; lastKnownFileType = sourcecode.c.objc; path = JLPhotoCollectionViewCell.m; sourceTree = "<group>"; };
		788443E91ED6DD39002BFBC1 /* timeline_image_loading.png */ = {isa = PBXFileReference; lastKnownFileType = image.png; path = timeline_image_loading.png; sourceTree = "<group>"; };
		788443EA1ED6DD39002BFBC1 /* timeline_image_loading@2x.png */ = {isa = PBXFileReference; lastKnownFileType = image.png; path = "timeline_image_loading@2x.png"; sourceTree = "<group>"; };
		788443F81ED7F29E002BFBC1 /* NSData+ImageContentType.h */ = {isa = PBXFileReference; fileEncoding = 4; lastKnownFileType = sourcecode.c.h; path = "NSData+ImageContentType.h"; sourceTree = "<group>"; };
		788443F91ED7F29E002BFBC1 /* NSData+ImageContentType.m */ = {isa = PBXFileReference; fileEncoding = 4; lastKnownFileType = sourcecode.c.objc; path = "NSData+ImageContentType.m"; sourceTree = "<group>"; };
		788443FA1ED7F29E002BFBC1 /* SDImageCache.h */ = {isa = PBXFileReference; fileEncoding = 4; lastKnownFileType = sourcecode.c.h; path = SDImageCache.h; sourceTree = "<group>"; };
		788443FB1ED7F29E002BFBC1 /* SDImageCache.m */ = {isa = PBXFileReference; fileEncoding = 4; lastKnownFileType = sourcecode.c.objc; path = SDImageCache.m; sourceTree = "<group>"; };
		788443FC1ED7F29E002BFBC1 /* SDWebImageCompat.h */ = {isa = PBXFileReference; fileEncoding = 4; lastKnownFileType = sourcecode.c.h; path = SDWebImageCompat.h; sourceTree = "<group>"; };
		788443FD1ED7F29E002BFBC1 /* SDWebImageCompat.m */ = {isa = PBXFileReference; fileEncoding = 4; lastKnownFileType = sourcecode.c.objc; path = SDWebImageCompat.m; sourceTree = "<group>"; };
		788443FE1ED7F29E002BFBC1 /* SDWebImageDecoder.h */ = {isa = PBXFileReference; fileEncoding = 4; lastKnownFileType = sourcecode.c.h; path = SDWebImageDecoder.h; sourceTree = "<group>"; };
		788443FF1ED7F29E002BFBC1 /* SDWebImageDecoder.m */ = {isa = PBXFileReference; fileEncoding = 4; lastKnownFileType = sourcecode.c.objc; path = SDWebImageDecoder.m; sourceTree = "<group>"; };
		788444001ED7F29E002BFBC1 /* SDWebImageDownloader.h */ = {isa = PBXFileReference; fileEncoding = 4; lastKnownFileType = sourcecode.c.h; path = SDWebImageDownloader.h; sourceTree = "<group>"; };
		788444011ED7F29E002BFBC1 /* SDWebImageDownloader.m */ = {isa = PBXFileReference; fileEncoding = 4; lastKnownFileType = sourcecode.c.objc; path = SDWebImageDownloader.m; sourceTree = "<group>"; };
		788444021ED7F29E002BFBC1 /* SDWebImageDownloaderOperation.h */ = {isa = PBXFileReference; fileEncoding = 4; lastKnownFileType = sourcecode.c.h; path = SDWebImageDownloaderOperation.h; sourceTree = "<group>"; };
		788444031ED7F29E002BFBC1 /* SDWebImageDownloaderOperation.m */ = {isa = PBXFileReference; fileEncoding = 4; lastKnownFileType = sourcecode.c.objc; path = SDWebImageDownloaderOperation.m; sourceTree = "<group>"; };
		788444041ED7F29E002BFBC1 /* SDWebImageManager.h */ = {isa = PBXFileReference; fileEncoding = 4; lastKnownFileType = sourcecode.c.h; path = SDWebImageManager.h; sourceTree = "<group>"; };
		788444051ED7F29E002BFBC1 /* SDWebImageManager.m */ = {isa = PBXFileReference; fileEncoding = 4; lastKnownFileType = sourcecode.c.objc; path = SDWebImageManager.m; sourceTree = "<group>"; };
		788444061ED7F29E002BFBC1 /* SDWebImageOperation.h */ = {isa = PBXFileReference; fileEncoding = 4; lastKnownFileType = sourcecode.c.h; path = SDWebImageOperation.h; sourceTree = "<group>"; };
		788444071ED7F29E002BFBC1 /* SDWebImagePrefetcher.h */ = {isa = PBXFileReference; fileEncoding = 4; lastKnownFileType = sourcecode.c.h; path = SDWebImagePrefetcher.h; sourceTree = "<group>"; };
		788444081ED7F29E002BFBC1 /* SDWebImagePrefetcher.m */ = {isa = PBXFileReference; fileEncoding = 4; lastKnownFileType = sourcecode.c.objc; path = SDWebImagePrefetcher.m; sourceTree = "<group>"; };
		788444091ED7F29E002BFBC1 /* UIButton+WebCache.h */ = {isa = PBXFileReference; fileEncoding = 4; lastKnownFileType = sourcecode.c.h; path = "UIButton+WebCache.h"; sourceTree = "<group>"; };
		7884440A1ED7F29E002BFBC1 /* UIButton+WebCache.m */ = {isa = PBXFileReference; fileEncoding = 4; lastKnownFileType = sourcecode.c.objc; path = "UIButton+WebCache.m"; sourceTree = "<group>"; };
		7884440B1ED7F29E002BFBC1 /* UIImage+GIF.h */ = {isa = PBXFileReference; fileEncoding = 4; lastKnownFileType = sourcecode.c.h; path = "UIImage+GIF.h"; sourceTree = "<group>"; };
		7884440C1ED7F29E002BFBC1 /* UIImage+GIF.m */ = {isa = PBXFileReference; fileEncoding = 4; lastKnownFileType = sourcecode.c.objc; path = "UIImage+GIF.m"; sourceTree = "<group>"; };
		7884440D1ED7F29E002BFBC1 /* UIImage+MultiFormat.h */ = {isa = PBXFileReference; fileEncoding = 4; lastKnownFileType = sourcecode.c.h; path = "UIImage+MultiFormat.h"; sourceTree = "<group>"; };
		7884440E1ED7F29E002BFBC1 /* UIImage+MultiFormat.m */ = {isa = PBXFileReference; fileEncoding = 4; lastKnownFileType = sourcecode.c.objc; path = "UIImage+MultiFormat.m"; sourceTree = "<group>"; };
		7884440F1ED7F29E002BFBC1 /* UIImageView+HighlightedWebCache.h */ = {isa = PBXFileReference; fileEncoding = 4; lastKnownFileType = sourcecode.c.h; path = "UIImageView+HighlightedWebCache.h"; sourceTree = "<group>"; };
		788444101ED7F29E002BFBC1 /* UIImageView+HighlightedWebCache.m */ = {isa = PBXFileReference; fileEncoding = 4; lastKnownFileType = sourcecode.c.objc; path = "UIImageView+HighlightedWebCache.m"; sourceTree = "<group>"; };
		788444111ED7F29E002BFBC1 /* UIImageView+WebCache.h */ = {isa = PBXFileReference; fileEncoding = 4; lastKnownFileType = sourcecode.c.h; path = "UIImageView+WebCache.h"; sourceTree = "<group>"; };
		788444121ED7F29E002BFBC1 /* UIImageView+WebCache.m */ = {isa = PBXFileReference; fileEncoding = 4; lastKnownFileType = sourcecode.c.objc; path = "UIImageView+WebCache.m"; sourceTree = "<group>"; };
		788444131ED7F29E002BFBC1 /* UIView+WebCacheOperation.h */ = {isa = PBXFileReference; fileEncoding = 4; lastKnownFileType = sourcecode.c.h; path = "UIView+WebCacheOperation.h"; sourceTree = "<group>"; };
		788444141ED7F29E002BFBC1 /* UIView+WebCacheOperation.m */ = {isa = PBXFileReference; fileEncoding = 4; lastKnownFileType = sourcecode.c.objc; path = "UIView+WebCacheOperation.m"; sourceTree = "<group>"; };
/* End PBXFileReference section */

/* Begin PBXFrameworksBuildPhase section */
		788443671ED6C414002BFBC1 /* Frameworks */ = {
			isa = PBXFrameworksBuildPhase;
			buildActionMask = 2147483647;
			files = (
			);
			runOnlyForDeploymentPostprocessing = 0;
		};
		788443801ED6C414002BFBC1 /* Frameworks */ = {
			isa = PBXFrameworksBuildPhase;
			buildActionMask = 2147483647;
			files = (
			);
			runOnlyForDeploymentPostprocessing = 0;
		};
		7884438B1ED6C414002BFBC1 /* Frameworks */ = {
			isa = PBXFrameworksBuildPhase;
			buildActionMask = 2147483647;
			files = (
			);
			runOnlyForDeploymentPostprocessing = 0;
		};
/* End PBXFrameworksBuildPhase section */

/* Begin PBXGroup section */
		788443611ED6C414002BFBC1 = {
			isa = PBXGroup;
			children = (
				7884436C1ED6C414002BFBC1 /* JLPhotoBrowser */,
				788443861ED6C414002BFBC1 /* JLPhotoBrowserTests */,
				788443911ED6C414002BFBC1 /* JLPhotoBrowserUITests */,
				7884436B1ED6C414002BFBC1 /* Products */,
			);
			sourceTree = "<group>";
		};
		7884436B1ED6C414002BFBC1 /* Products */ = {
			isa = PBXGroup;
			children = (
				7884436A1ED6C414002BFBC1 /* JLPhotoBrowser.app */,
				788443831ED6C414002BFBC1 /* JLPhotoBrowserTests.xctest */,
				7884438E1ED6C414002BFBC1 /* JLPhotoBrowserUITests.xctest */,
			);
			name = Products;
			sourceTree = "<group>";
		};
		7884436C1ED6C414002BFBC1 /* JLPhotoBrowser */ = {
			isa = PBXGroup;
			children = (
				788443A01ED6C42F002BFBC1 /* JLPhotoBrowser */,
				788443701ED6C414002BFBC1 /* AppDelegate.h */,
				788443711ED6C414002BFBC1 /* AppDelegate.m */,
				788443731ED6C414002BFBC1 /* ViewController.h */,
				788443741ED6C414002BFBC1 /* ViewController.m */,
				788443761ED6C414002BFBC1 /* Main.storyboard */,
				788443791ED6C414002BFBC1 /* Assets.xcassets */,
				7884437B1ED6C414002BFBC1 /* LaunchScreen.storyboard */,
				7884437E1ED6C414002BFBC1 /* Info.plist */,
				7884436D1ED6C414002BFBC1 /* Supporting Files */,
			);
			path = JLPhotoBrowser;
			sourceTree = "<group>";
		};
		7884436D1ED6C414002BFBC1 /* Supporting Files */ = {
			isa = PBXGroup;
			children = (
				7884436E1ED6C414002BFBC1 /* main.m */,
			);
			name = "Supporting Files";
			sourceTree = "<group>";
		};
		788443861ED6C414002BFBC1 /* JLPhotoBrowserTests */ = {
			isa = PBXGroup;
			children = (
				788443871ED6C414002BFBC1 /* JLPhotoBrowserTests.m */,
				788443891ED6C414002BFBC1 /* Info.plist */,
			);
			path = JLPhotoBrowserTests;
			sourceTree = "<group>";
		};
		788443911ED6C414002BFBC1 /* JLPhotoBrowserUITests */ = {
			isa = PBXGroup;
			children = (
				788443921ED6C414002BFBC1 /* JLPhotoBrowserUITests.m */,
				788443941ED6C414002BFBC1 /* Info.plist */,
			);
			path = JLPhotoBrowserUITests;
			sourceTree = "<group>";
		};
		788443A01ED6C42F002BFBC1 /* JLPhotoBrowser */ = {
			isa = PBXGroup;
			children = (
				788443F71ED7F29E002BFBC1 /* SDWebImage */,
				788443A11ED6C530002BFBC1 /* JLPhotoBrowser.h */,
				788443A21ED6C530002BFBC1 /* JLPhotoBrowser.m */,
				788443A41ED6C842002BFBC1 /* JLPhoto.h */,
				788443A51ED6C842002BFBC1 /* JLPhoto.m */,
				788443A71ED6D092002BFBC1 /* JLPhotoCollectionViewCell.h */,
				788443A81ED6D092002BFBC1 /* JLPhotoCollectionViewCell.m */,
				788443E91ED6DD39002BFBC1 /* timeline_image_loading.png */,
				788443EA1ED6DD39002BFBC1 /* timeline_image_loading@2x.png */,
			);
			path = JLPhotoBrowser;
			sourceTree = "<group>";
		};
		788443F71ED7F29E002BFBC1 /* SDWebImage */ = {
			isa = PBXGroup;
			children = (
				788443F81ED7F29E002BFBC1 /* NSData+ImageContentType.h */,
				788443F91ED7F29E002BFBC1 /* NSData+ImageContentType.m */,
				788443FA1ED7F29E002BFBC1 /* SDImageCache.h */,
				788443FB1ED7F29E002BFBC1 /* SDImageCache.m */,
				788443FC1ED7F29E002BFBC1 /* SDWebImageCompat.h */,
				788443FD1ED7F29E002BFBC1 /* SDWebImageCompat.m */,
				788443FE1ED7F29E002BFBC1 /* SDWebImageDecoder.h */,
				788443FF1ED7F29E002BFBC1 /* SDWebImageDecoder.m */,
				788444001ED7F29E002BFBC1 /* SDWebImageDownloader.h */,
				788444011ED7F29E002BFBC1 /* SDWebImageDownloader.m */,
				788444021ED7F29E002BFBC1 /* SDWebImageDownloaderOperation.h */,
				788444031ED7F29E002BFBC1 /* SDWebImageDownloaderOperation.m */,
				788444041ED7F29E002BFBC1 /* SDWebImageManager.h */,
				788444051ED7F29E002BFBC1 /* SDWebImageManager.m */,
				788444061ED7F29E002BFBC1 /* SDWebImageOperation.h */,
				788444071ED7F29E002BFBC1 /* SDWebImagePrefetcher.h */,
				788444081ED7F29E002BFBC1 /* SDWebImagePrefetcher.m */,
				788444091ED7F29E002BFBC1 /* UIButton+WebCache.h */,
				7884440A1ED7F29E002BFBC1 /* UIButton+WebCache.m */,
				7884440B1ED7F29E002BFBC1 /* UIImage+GIF.h */,
				7884440C1ED7F29E002BFBC1 /* UIImage+GIF.m */,
				7884440D1ED7F29E002BFBC1 /* UIImage+MultiFormat.h */,
				7884440E1ED7F29E002BFBC1 /* UIImage+MultiFormat.m */,
				7884440F1ED7F29E002BFBC1 /* UIImageView+HighlightedWebCache.h */,
				788444101ED7F29E002BFBC1 /* UIImageView+HighlightedWebCache.m */,
				788444111ED7F29E002BFBC1 /* UIImageView+WebCache.h */,
				788444121ED7F29E002BFBC1 /* UIImageView+WebCache.m */,
				788444131ED7F29E002BFBC1 /* UIView+WebCacheOperation.h */,
				788444141ED7F29E002BFBC1 /* UIView+WebCacheOperation.m */,
			);
			path = SDWebImage;
			sourceTree = "<group>";
		};
/* End PBXGroup section */

/* Begin PBXNativeTarget section */
		788443691ED6C414002BFBC1 /* JLPhotoBrowser */ = {
			isa = PBXNativeTarget;
			buildConfigurationList = 788443971ED6C414002BFBC1 /* Build configuration list for PBXNativeTarget "JLPhotoBrowser" */;
			buildPhases = (
				788443661ED6C414002BFBC1 /* Sources */,
				788443671ED6C414002BFBC1 /* Frameworks */,
				788443681ED6C414002BFBC1 /* Resources */,
			);
			buildRules = (
			);
			dependencies = (
			);
			name = JLPhotoBrowser;
			productName = JLPhotoBrowser;
			productReference = 7884436A1ED6C414002BFBC1 /* JLPhotoBrowser.app */;
			productType = "com.apple.product-type.application";
		};
		788443821ED6C414002BFBC1 /* JLPhotoBrowserTests */ = {
			isa = PBXNativeTarget;
			buildConfigurationList = 7884439A1ED6C414002BFBC1 /* Build configuration list for PBXNativeTarget "JLPhotoBrowserTests" */;
			buildPhases = (
				7884437F1ED6C414002BFBC1 /* Sources */,
				788443801ED6C414002BFBC1 /* Frameworks */,
				788443811ED6C414002BFBC1 /* Resources */,
			);
			buildRules = (
			);
			dependencies = (
				788443851ED6C414002BFBC1 /* PBXTargetDependency */,
			);
			name = JLPhotoBrowserTests;
			productName = JLPhotoBrowserTests;
			productReference = 788443831ED6C414002BFBC1 /* JLPhotoBrowserTests.xctest */;
			productType = "com.apple.product-type.bundle.unit-test";
		};
		7884438D1ED6C414002BFBC1 /* JLPhotoBrowserUITests */ = {
			isa = PBXNativeTarget;
			buildConfigurationList = 7884439D1ED6C414002BFBC1 /* Build configuration list for PBXNativeTarget "JLPhotoBrowserUITests" */;
			buildPhases = (
				7884438A1ED6C414002BFBC1 /* Sources */,
				7884438B1ED6C414002BFBC1 /* Frameworks */,
				7884438C1ED6C414002BFBC1 /* Resources */,
			);
			buildRules = (
			);
			dependencies = (
				788443901ED6C414002BFBC1 /* PBXTargetDependency */,
			);
			name = JLPhotoBrowserUITests;
			productName = JLPhotoBrowserUITests;
			productReference = 7884438E1ED6C414002BFBC1 /* JLPhotoBrowserUITests.xctest */;
			productType = "com.apple.product-type.bundle.ui-testing";
		};
/* End PBXNativeTarget section */

/* Begin PBXProject section */
		788443621ED6C414002BFBC1 /* Project object */ = {
			isa = PBXProject;
			attributes = {
				LastUpgradeCheck = 0830;
				ORGANIZATIONNAME = qiongjiwuxian;
				TargetAttributes = {
					788443691ED6C414002BFBC1 = {
						CreatedOnToolsVersion = 8.3;
						DevelopmentTeam = G3G6Z3TQ79;
						ProvisioningStyle = Automatic;
					};
					788443821ED6C414002BFBC1 = {
						CreatedOnToolsVersion = 8.3;
						DevelopmentTeam = G3G6Z3TQ79;
						ProvisioningStyle = Automatic;
						TestTargetID = 788443691ED6C414002BFBC1;
					};
					7884438D1ED6C414002BFBC1 = {
						CreatedOnToolsVersion = 8.3;
						DevelopmentTeam = G3G6Z3TQ79;
						ProvisioningStyle = Automatic;
						TestTargetID = 788443691ED6C414002BFBC1;
					};
				};
			};
			buildConfigurationList = 788443651ED6C414002BFBC1 /* Build configuration list for PBXProject "JLPhotoBrowser" */;
			compatibilityVersion = "Xcode 3.2";
			developmentRegion = English;
			hasScannedForEncodings = 0;
			knownRegions = (
				en,
				Base,
			);
			mainGroup = 788443611ED6C414002BFBC1;
			productRefGroup = 7884436B1ED6C414002BFBC1 /* Products */;
			projectDirPath = "";
			projectRoot = "";
			targets = (
				788443691ED6C414002BFBC1 /* JLPhotoBrowser */,
				788443821ED6C414002BFBC1 /* JLPhotoBrowserTests */,
				7884438D1ED6C414002BFBC1 /* JLPhotoBrowserUITests */,
			);
		};
/* End PBXProject section */

/* Begin PBXResourcesBuildPhase section */
		788443681ED6C414002BFBC1 /* Resources */ = {
			isa = PBXResourcesBuildPhase;
			buildActionMask = 2147483647;
			files = (
				788443EC1ED6DD39002BFBC1 /* timeline_image_loading@2x.png in Resources */,
				7884437D1ED6C414002BFBC1 /* LaunchScreen.storyboard in Resources */,
				7884437A1ED6C414002BFBC1 /* Assets.xcassets in Resources */,
				788443781ED6C414002BFBC1 /* Main.storyboard in Resources */,
				788443EB1ED6DD39002BFBC1 /* timeline_image_loading.png in Resources */,
			);
			runOnlyForDeploymentPostprocessing = 0;
		};
		788443811ED6C414002BFBC1 /* Resources */ = {
			isa = PBXResourcesBuildPhase;
			buildActionMask = 2147483647;
			files = (
			);
			runOnlyForDeploymentPostprocessing = 0;
		};
		7884438C1ED6C414002BFBC1 /* Resources */ = {
			isa = PBXResourcesBuildPhase;
			buildActionMask = 2147483647;
			files = (
			);
			runOnlyForDeploymentPostprocessing = 0;
		};
/* End PBXResourcesBuildPhase section */

/* Begin PBXSourcesBuildPhase section */
		788443661ED6C414002BFBC1 /* Sources */ = {
			isa = PBXSourcesBuildPhase;
			buildActionMask = 2147483647;
			files = (
				7884441E1ED7F29E002BFBC1 /* UIImage+GIF.m in Sources */,
				788444171ED7F29E002BFBC1 /* SDWebImageCompat.m in Sources */,
				7884441D1ED7F29E002BFBC1 /* UIButton+WebCache.m in Sources */,
				7884441F1ED7F29E002BFBC1 /* UIImage+MultiFormat.m in Sources */,
				788444221ED7F29E002BFBC1 /* UIView+WebCacheOperation.m in Sources */,
				7884441C1ED7F29E002BFBC1 /* SDWebImagePrefetcher.m in Sources */,
				788443751ED6C414002BFBC1 /* ViewController.m in Sources */,
				788443A61ED6C842002BFBC1 /* JLPhoto.m in Sources */,
				7884441A1ED7F29E002BFBC1 /* SDWebImageDownloaderOperation.m in Sources */,
				788444181ED7F29E002BFBC1 /* SDWebImageDecoder.m in Sources */,
				788443721ED6C414002BFBC1 /* AppDelegate.m in Sources */,
				788444211ED7F29E002BFBC1 /* UIImageView+WebCache.m in Sources */,
				788444151ED7F29E002BFBC1 /* NSData+ImageContentType.m in Sources */,
				788444191ED7F29E002BFBC1 /* SDWebImageDownloader.m in Sources */,
				788443A91ED6D092002BFBC1 /* JLPhotoCollectionViewCell.m in Sources */,
				7884436F1ED6C414002BFBC1 /* main.m in Sources */,
				7884441B1ED7F29E002BFBC1 /* SDWebImageManager.m in Sources */,
				788443A31ED6C530002BFBC1 /* JLPhotoBrowser.m in Sources */,
				788444201ED7F29E002BFBC1 /* UIImageView+HighlightedWebCache.m in Sources */,
				788444161ED7F29E002BFBC1 /* SDImageCache.m in Sources */,
			);
			runOnlyForDeploymentPostprocessing = 0;
		};
		7884437F1ED6C414002BFBC1 /* Sources */ = {
			isa = PBXSourcesBuildPhase;
			buildActionMask = 2147483647;
			files = (
				788443881ED6C414002BFBC1 /* JLPhotoBrowserTests.m in Sources */,
			);
			runOnlyForDeploymentPostprocessing = 0;
		};
		7884438A1ED6C414002BFBC1 /* Sources */ = {
			isa = PBXSourcesBuildPhase;
			buildActionMask = 2147483647;
			files = (
				788443931ED6C414002BFBC1 /* JLPhotoBrowserUITests.m in Sources */,
			);
			runOnlyForDeploymentPostprocessing = 0;
		};
/* End PBXSourcesBuildPhase section */

/* Begin PBXTargetDependency section */
		788443851ED6C414002BFBC1 /* PBXTargetDependency */ = {
			isa = PBXTargetDependency;
			target = 788443691ED6C414002BFBC1 /* JLPhotoBrowser */;
			targetProxy = 788443841ED6C414002BFBC1 /* PBXContainerItemProxy */;
		};
		788443901ED6C414002BFBC1 /* PBXTargetDependency */ = {
			isa = PBXTargetDependency;
			target = 788443691ED6C414002BFBC1 /* JLPhotoBrowser */;
			targetProxy = 7884438F1ED6C414002BFBC1 /* PBXContainerItemProxy */;
		};
/* End PBXTargetDependency section */

/* Begin PBXVariantGroup section */
		788443761ED6C414002BFBC1 /* Main.storyboard */ = {
			isa = PBXVariantGroup;
			children = (
				788443771ED6C414002BFBC1 /* Base */,
			);
			name = Main.storyboard;
			sourceTree = "<group>";
		};
		7884437B1ED6C414002BFBC1 /* LaunchScreen.storyboard */ = {
			isa = PBXVariantGroup;
			children = (
				7884437C1ED6C414002BFBC1 /* Base */,
			);
			name = LaunchScreen.storyboard;
			sourceTree = "<group>";
		};
/* End PBXVariantGroup section */

/* Begin XCBuildConfiguration section */
		788443951ED6C414002BFBC1 /* Debug */ = {
			isa = XCBuildConfiguration;
			buildSettings = {
				ALWAYS_SEARCH_USER_PATHS = NO;
				CLANG_ANALYZER_NONNULL = YES;
				CLANG_ANALYZER_NUMBER_OBJECT_CONVERSION = YES_AGGRESSIVE;
				CLANG_CXX_LANGUAGE_STANDARD = "gnu++0x";
				CLANG_CXX_LIBRARY = "libc++";
				CLANG_ENABLE_MODULES = YES;
				CLANG_ENABLE_OBJC_ARC = YES;
				CLANG_WARN_BOOL_CONVERSION = YES;
				CLANG_WARN_CONSTANT_CONVERSION = YES;
				CLANG_WARN_DIRECT_OBJC_ISA_USAGE = YES_ERROR;
				CLANG_WARN_DOCUMENTATION_COMMENTS = YES;
				CLANG_WARN_EMPTY_BODY = YES;
				CLANG_WARN_ENUM_CONVERSION = YES;
				CLANG_WARN_INFINITE_RECURSION = YES;
				CLANG_WARN_INT_CONVERSION = YES;
				CLANG_WARN_OBJC_ROOT_CLASS = YES_ERROR;
				CLANG_WARN_SUSPICIOUS_MOVE = YES;
				CLANG_WARN_UNREACHABLE_CODE = YES;
				CLANG_WARN__DUPLICATE_METHOD_MATCH = YES;
				"CODE_SIGN_IDENTITY[sdk=iphoneos*]" = "iPhone Developer";
				COPY_PHASE_STRIP = NO;
				DEBUG_INFORMATION_FORMAT = dwarf;
				ENABLE_STRICT_OBJC_MSGSEND = YES;
				ENABLE_TESTABILITY = YES;
				GCC_C_LANGUAGE_STANDARD = gnu99;
				GCC_DYNAMIC_NO_PIC = NO;
				GCC_NO_COMMON_BLOCKS = YES;
				GCC_OPTIMIZATION_LEVEL = 0;
				GCC_PREPROCESSOR_DEFINITIONS = (
					"DEBUG=1",
					"$(inherited)",
				);
				GCC_WARN_64_TO_32_BIT_CONVERSION = YES;
				GCC_WARN_ABOUT_RETURN_TYPE = YES_ERROR;
				GCC_WARN_UNDECLARED_SELECTOR = YES;
				GCC_WARN_UNINITIALIZED_AUTOS = YES_AGGRESSIVE;
				GCC_WARN_UNUSED_FUNCTION = YES;
				GCC_WARN_UNUSED_VARIABLE = YES;
				IPHONEOS_DEPLOYMENT_TARGET = 10.3;
				MTL_ENABLE_DEBUG_INFO = YES;
				ONLY_ACTIVE_ARCH = YES;
				SDKROOT = iphoneos;
			};
			name = Debug;
		};
		788443961ED6C414002BFBC1 /* Release */ = {
			isa = XCBuildConfiguration;
			buildSettings = {
				ALWAYS_SEARCH_USER_PATHS = NO;
				CLANG_ANALYZER_NONNULL = YES;
				CLANG_ANALYZER_NUMBER_OBJECT_CONVERSION = YES_AGGRESSIVE;
				CLANG_CXX_LANGUAGE_STANDARD = "gnu++0x";
				CLANG_CXX_LIBRARY = "libc++";
				CLANG_ENABLE_MODULES = YES;
				CLANG_ENABLE_OBJC_ARC = YES;
				CLANG_WARN_BOOL_CONVERSION = YES;
				CLANG_WARN_CONSTANT_CONVERSION = YES;
				CLANG_WARN_DIRECT_OBJC_ISA_USAGE = YES_ERROR;
				CLANG_WARN_DOCUMENTATION_COMMENTS = YES;
				CLANG_WARN_EMPTY_BODY = YES;
				CLANG_WARN_ENUM_CONVERSION = YES;
				CLANG_WARN_INFINITE_RECURSION = YES;
				CLANG_WARN_INT_CONVERSION = YES;
				CLANG_WARN_OBJC_ROOT_CLASS = YES_ERROR;
				CLANG_WARN_SUSPICIOUS_MOVE = YES;
				CLANG_WARN_UNREACHABLE_CODE = YES;
				CLANG_WARN__DUPLICATE_METHOD_MATCH = YES;
				"CODE_SIGN_IDENTITY[sdk=iphoneos*]" = "iPhone Developer";
				COPY_PHASE_STRIP = NO;
				DEBUG_INFORMATION_FORMAT = "dwarf-with-dsym";
				ENABLE_NS_ASSERTIONS = NO;
				ENABLE_STRICT_OBJC_MSGSEND = YES;
				GCC_C_LANGUAGE_STANDARD = gnu99;
				GCC_NO_COMMON_BLOCKS = YES;
				GCC_WARN_64_TO_32_BIT_CONVERSION = YES;
				GCC_WARN_ABOUT_RETURN_TYPE = YES_ERROR;
				GCC_WARN_UNDECLARED_SELECTOR = YES;
				GCC_WARN_UNINITIALIZED_AUTOS = YES_AGGRESSIVE;
				GCC_WARN_UNUSED_FUNCTION = YES;
				GCC_WARN_UNUSED_VARIABLE = YES;
				IPHONEOS_DEPLOYMENT_TARGET = 10.3;
				MTL_ENABLE_DEBUG_INFO = NO;
				SDKROOT = iphoneos;
				VALIDATE_PRODUCT = YES;
			};
			name = Release;
		};
		788443981ED6C414002BFBC1 /* Debug */ = {
			isa = XCBuildConfiguration;
			buildSettings = {
				ASSETCATALOG_COMPILER_APPICON_NAME = AppIcon;
				DEVELOPMENT_TEAM = G3G6Z3TQ79;
				INFOPLIST_FILE = JLPhotoBrowser/Info.plist;
				LD_RUNPATH_SEARCH_PATHS = "$(inherited) @executable_path/Frameworks";
				PRODUCT_BUNDLE_IDENTIFIER = com.qiongjiwuxian.JLPhotoBrowser;
				PRODUCT_NAME = "$(TARGET_NAME)";
			};
			name = Debug;
		};
		788443991ED6C414002BFBC1 /* Release */ = {
			isa = XCBuildConfiguration;
			buildSettings = {
				ASSETCATALOG_COMPILER_APPICON_NAME = AppIcon;
				DEVELOPMENT_TEAM = G3G6Z3TQ79;
				INFOPLIST_FILE = JLPhotoBrowser/Info.plist;
				LD_RUNPATH_SEARCH_PATHS = "$(inherited) @executable_path/Frameworks";
				PRODUCT_BUNDLE_IDENTIFIER = com.qiongjiwuxian.JLPhotoBrowser;
				PRODUCT_NAME = "$(TARGET_NAME)";
			};
			name = Release;
		};
		7884439B1ED6C414002BFBC1 /* Debug */ = {
			isa = XCBuildConfiguration;
			buildSettings = {
				BUNDLE_LOADER = "$(TEST_HOST)";
				DEVELOPMENT_TEAM = G3G6Z3TQ79;
				INFOPLIST_FILE = JLPhotoBrowserTests/Info.plist;
				LD_RUNPATH_SEARCH_PATHS = "$(inherited) @executable_path/Frameworks @loader_path/Frameworks";
				PRODUCT_BUNDLE_IDENTIFIER = com.qiongjiwuxian.JLPhotoBrowserTests;
				PRODUCT_NAME = "$(TARGET_NAME)";
				TEST_HOST = "$(BUILT_PRODUCTS_DIR)/JLPhotoBrowser.app/JLPhotoBrowser";
			};
			name = Debug;
		};
		7884439C1ED6C414002BFBC1 /* Release */ = {
			isa = XCBuildConfiguration;
			buildSettings = {
				BUNDLE_LOADER = "$(TEST_HOST)";
				DEVELOPMENT_TEAM = G3G6Z3TQ79;
				INFOPLIST_FILE = JLPhotoBrowserTests/Info.plist;
				LD_RUNPATH_SEARCH_PATHS = "$(inherited) @executable_path/Frameworks @loader_path/Frameworks";
				PRODUCT_BUNDLE_IDENTIFIER = com.qiongjiwuxian.JLPhotoBrowserTests;
				PRODUCT_NAME = "$(TARGET_NAME)";
				TEST_HOST = "$(BUILT_PRODUCTS_DIR)/JLPhotoBrowser.app/JLPhotoBrowser";
			};
			name = Release;
		};
		7884439E1ED6C414002BFBC1 /* Debug */ = {
			isa = XCBuildConfiguration;
			buildSettings = {
				DEVELOPMENT_TEAM = G3G6Z3TQ79;
				INFOPLIST_FILE = JLPhotoBrowserUITests/Info.plist;
				LD_RUNPATH_SEARCH_PATHS = "$(inherited) @executable_path/Frameworks @loader_path/Frameworks";
				PRODUCT_BUNDLE_IDENTIFIER = com.qiongjiwuxian.JLPhotoBrowserUITests;
				PRODUCT_NAME = "$(TARGET_NAME)";
				TEST_TARGET_NAME = JLPhotoBrowser;
			};
			name = Debug;
		};
		7884439F1ED6C414002BFBC1 /* Release */ = {
			isa = XCBuildConfiguration;
			buildSettings = {
				DEVELOPMENT_TEAM = G3G6Z3TQ79;
				INFOPLIST_FILE = JLPhotoBrowserUITests/Info.plist;
				LD_RUNPATH_SEARCH_PATHS = "$(inherited) @executable_path/Frameworks @loader_path/Frameworks";
				PRODUCT_BUNDLE_IDENTIFIER = com.qiongjiwuxian.JLPhotoBrowserUITests;
				PRODUCT_NAME = "$(TARGET_NAME)";
				TEST_TARGET_NAME = JLPhotoBrowser;
			};
			name = Release;
		};
/* End XCBuildConfiguration section */

/* Begin XCConfigurationList section */
		788443651ED6C414002BFBC1 /* Build configuration list for PBXProject "JLPhotoBrowser" */ = {
			isa = XCConfigurationList;
			buildConfigurations = (
				788443951ED6C414002BFBC1 /* Debug */,
				788443961ED6C414002BFBC1 /* Release */,
			);
			defaultConfigurationIsVisible = 0;
			defaultConfigurationName = Release;
		};
		788443971ED6C414002BFBC1 /* Build configuration list for PBXNativeTarget "JLPhotoBrowser" */ = {
			isa = XCConfigurationList;
			buildConfigurations = (
				788443981ED6C414002BFBC1 /* Debug */,
				788443991ED6C414002BFBC1 /* Release */,
			);
			defaultConfigurationIsVisible = 0;
			defaultConfigurationName = Release;
		};
		7884439A1ED6C414002BFBC1 /* Build configuration list for PBXNativeTarget "JLPhotoBrowserTests" */ = {
			isa = XCConfigurationList;
			buildConfigurations = (
				7884439B1ED6C414002BFBC1 /* Debug */,
				7884439C1ED6C414002BFBC1 /* Release */,
			);
			defaultConfigurationIsVisible = 0;
			defaultConfigurationName = Release;
		};
		7884439D1ED6C414002BFBC1 /* Build configuration list for PBXNativeTarget "JLPhotoBrowserUITests" */ = {
			isa = XCConfigurationList;
			buildConfigurations = (
				7884439E1ED6C414002BFBC1 /* Debug */,
				7884439F1ED6C414002BFBC1 /* Release */,
			);
			defaultConfigurationIsVisible = 0;
			defaultConfigurationName = Release;
		};
/* End XCConfigurationList section */
	};
	rootObject = 788443621ED6C414002BFBC1 /* Project object */;
}
